
Microsoft Visual Studio Solution File, Format Version 12.00
# Visual Studio Version 16
VisualStudioVersion = 16.0.30413.136
MinimumVisualStudioVersion = 10.0.40219.1
Project("{2150E333-8FDC-42A3-9474-1A3956D46DE8}") = "src", "src", "{06B3EFFE-8562-4AE3-A611-49AF87BF7386}"
EndProject
Project("{2150E333-8FDC-42A3-9474-1A3956D46DE8}") = "Catalog", "Catalog", "{5DF907D6-524D-4E1F-A7D8-87AB595D6E83}"
EndProject
Project("{9A19103F-16F7-4668-BE54-9A1E7A4F7556}") = "Catalog.API", "src\Catalog\Catalog.API\Catalog.API.csproj", "{C2B35889-3563-49EC-8095-BD61B9AFEFB3}"
EndProject
Project("{E53339B2-1760-4266-BCC7-CA923CBCF16C}") = "docker-compose", "docker-compose.dcproj", "{13642B89-EA22-436E-9763-C239C53A1F6D}"
EndProject
Project("{2150E333-8FDC-42A3-9474-1A3956D46DE8}") = "Basket", "Basket", "{012D04E5-69B5-44F6-A35F-8B96C60DFA5C}"
EndProject
Project("{9A19103F-16F7-4668-BE54-9A1E7A4F7556}") = "Basket.API", "src\Basket\Basket.API\Basket.API.csproj", "{7434DA25-7C21-49CB-9372-694F9D4A370E}"
EndProject
Project("{2150E333-8FDC-42A3-9474-1A3956D46DE8}") = "Common", "Common", "{10EF23E7-51CD-4B9D-A7C9-A1BC7FB37C65}"
EndProject
Project("{9A19103F-16F7-4668-BE54-9A1E7A4F7556}") = "EventBusRabbitMQ", "src\Common\EventBusRabbitMQ\EventBusRabbitMQ.csproj", "{D80BC2EC-485D-46C3-B541-22C34E2EB506}"
EndProject
Project("{2150E333-8FDC-42A3-9474-1A3956D46DE8}") = "Ordering", "Ordering", "{6C734FDD-8897-48E0-966C-A74025A2AF29}"
EndProject
Project("{9A19103F-16F7-4668-BE54-9A1E7A4F7556}") = "Ordering.API", "src\Ordering\Ordering.API\Ordering.API.csproj", "{10FC58BE-7326-4738-9A3C-88BDD1E8ABD8}"
EndProject
Project("{FAE04EC0-301F-11D3-BF4B-00C04F79EFBC}") = "Ordering.Core", "src\Ordering\Ordering.Core\Ordering.Core.csproj", "{8D8FE3A0-F9D6-4990-88AE-B86A35632E05}"
EndProject
Project("{FAE04EC0-301F-11D3-BF4B-00C04F79EFBC}") = "Ordering.Infrastructure", "src\Ordering\Ordering.Infrastructure\Ordering.Infrastructure.csproj", "{7CDD04A9-7C7C-497A-960E-8FDBCF7A5BC6}"
EndProject
Project("{FAE04EC0-301F-11D3-BF4B-00C04F79EFBC}") = "Ordering.Application", "src\Ordering\Ordering.Application\Ordering.Application.csproj", "{D4C231BA-88EF-473E-9AC0-AF92AD6326A4}"
EndProject
Global
	GlobalSection(SolutionConfigurationPlatforms) = preSolution
		Debug|Any CPU = Debug|Any CPU
		Release|Any CPU = Release|Any CPU
	EndGlobalSection
	GlobalSection(ProjectConfigurationPlatforms) = postSolution
		{C2B35889-3563-49EC-8095-BD61B9AFEFB3}.Debug|Any CPU.ActiveCfg = Debug|Any CPU
		{C2B35889-3563-49EC-8095-BD61B9AFEFB3}.Debug|Any CPU.Build.0 = Debug|Any CPU
		{C2B35889-3563-49EC-8095-BD61B9AFEFB3}.Release|Any CPU.ActiveCfg = Release|Any CPU
		{C2B35889-3563-49EC-8095-BD61B9AFEFB3}.Release|Any CPU.Build.0 = Release|Any CPU
		{13642B89-EA22-436E-9763-C239C53A1F6D}.Debug|Any CPU.ActiveCfg = Debug|Any CPU
		{13642B89-EA22-436E-9763-C239C53A1F6D}.Debug|Any CPU.Build.0 = Debug|Any CPU
		{13642B89-EA22-436E-9763-C239C53A1F6D}.Release|Any CPU.ActiveCfg = Release|Any CPU
		{13642B89-EA22-436E-9763-C239C53A1F6D}.Release|Any CPU.Build.0 = Release|Any CPU
		{7434DA25-7C21-49CB-9372-694F9D4A370E}.Debug|Any CPU.ActiveCfg = Debug|Any CPU
		{7434DA25-7C21-49CB-9372-694F9D4A370E}.Debug|Any CPU.Build.0 = Debug|Any CPU
		{7434DA25-7C21-49CB-9372-694F9D4A370E}.Release|Any CPU.ActiveCfg = Release|Any CPU
		{7434DA25-7C21-49CB-9372-694F9D4A370E}.Release|Any CPU.Build.0 = Release|Any CPU
		{D80BC2EC-485D-46C3-B541-22C34E2EB506}.Debug|Any CPU.ActiveCfg = Debug|Any CPU
		{D80BC2EC-485D-46C3-B541-22C34E2EB506}.Debug|Any CPU.Build.0 = Debug|Any CPU
		{D80BC2EC-485D-46C3-B541-22C34E2EB506}.Release|Any CPU.ActiveCfg = Release|Any CPU
		{D80BC2EC-485D-46C3-B541-22C34E2EB506}.Release|Any CPU.Build.0 = Release|Any CPU
		{10FC58BE-7326-4738-9A3C-88BDD1E8ABD8}.Debug|Any CPU.ActiveCfg = Debug|Any CPU
		{10FC58BE-7326-4738-9A3C-88BDD1E8ABD8}.Debug|Any CPU.Build.0 = Debug|Any CPU
		{10FC58BE-7326-4738-9A3C-88BDD1E8ABD8}.Release|Any CPU.ActiveCfg = Release|Any CPU
		{10FC58BE-7326-4738-9A3C-88BDD1E8ABD8}.Release|Any CPU.Build.0 = Release|Any CPU
		{8D8FE3A0-F9D6-4990-88AE-B86A35632E05}.Debug|Any CPU.ActiveCfg = Debug|Any CPU
		{8D8FE3A0-F9D6-4990-88AE-B86A35632E05}.Debug|Any CPU.Build.0 = Debug|Any CPU
		{8D8FE3A0-F9D6-4990-88AE-B86A35632E05}.Release|Any CPU.ActiveCfg = Release|Any CPU
		{8D8FE3A0-F9D6-4990-88AE-B86A35632E05}.Release|Any CPU.Build.0 = Release|Any CPU
		{7CDD04A9-7C7C-497A-960E-8FDBCF7A5BC6}.Debug|Any CPU.ActiveCfg = Debug|Any CPU
		{7CDD04A9-7C7C-497A-960E-8FDBCF7A5BC6}.Debug|Any CPU.Build.0 = Debug|Any CPU
		{7CDD04A9-7C7C-497A-960E-8FDBCF7A5BC6}.Release|Any CPU.ActiveCfg = Release|Any CPU
		{7CDD04A9-7C7C-497A-960E-8FDBCF7A5BC6}.Release|Any CPU.Build.0 = Release|Any CPU
		{D4C231BA-88EF-473E-9AC0-AF92AD6326A4}.Debug|Any CPU.ActiveCfg = Debug|Any CPU
		{D4C231BA-88EF-473E-9AC0-AF92AD6326A4}.Debug|Any CPU.Build.0 = Debug|Any CPU
		{D4C231BA-88EF-473E-9AC0-AF92AD6326A4}.Release|Any CPU.ActiveCfg = Release|Any CPU
		{D4C231BA-88EF-473E-9AC0-AF92AD6326A4}.Release|Any CPU.Build.0 = Release|Any CPU
	EndGlobalSection
	GlobalSection(SolutionProperties) = preSolution
		HideSolutionNode = FALSE
	EndGlobalSection
	GlobalSection(NestedProjects) = preSolution
		{5DF907D6-524D-4E1F-A7D8-87AB595D6E83} = {06B3EFFE-8562-4AE3-A611-49AF87BF7386}
		{C2B35889-3563-49EC-8095-BD61B9AFEFB3} = {5DF907D6-524D-4E1F-A7D8-87AB595D6E83}
		{012D04E5-69B5-44F6-A35F-8B96C60DFA5C} = {06B3EFFE-8562-4AE3-A611-49AF87BF7386}
		{7434DA25-7C21-49CB-9372-694F9D4A370E} = {012D04E5-69B5-44F6-A35F-8B96C60DFA5C}
		{10EF23E7-51CD-4B9D-A7C9-A1BC7FB37C65} = {06B3EFFE-8562-4AE3-A611-49AF87BF7386}
		{D80BC2EC-485D-46C3-B541-22C34E2EB506} = {10EF23E7-51CD-4B9D-A7C9-A1BC7FB37C65}
		{6C734FDD-8897-48E0-966C-A74025A2AF29} = {06B3EFFE-8562-4AE3-A611-49AF87BF7386}
		{10FC58BE-7326-4738-9A3C-88BDD1E8ABD8} = {6C734FDD-8897-48E0-966C-A74025A2AF29}
		{8D8FE3A0-F9D6-4990-88AE-B86A35632E05} = {6C734FDD-8897-48E0-966C-A74025A2AF29}
		{7CDD04A9-7C7C-497A-960E-8FDBCF7A5BC6} = {6C734FDD-8897-48E0-966C-A74025A2AF29}
		{D4C231BA-88EF-473E-9AC0-AF92AD6326A4} = {6C734FDD-8897-48E0-966C-A74025A2AF29}
	EndGlobalSection
	GlobalSection(ExtensibilityGlobals) = postSolution
		SolutionGuid = {A636E355-A9D1-498A-8E37-5C1C6BC7FD15}
	EndGlobalSection
EndGlobal
